// !$*UTF8*$!
{
	archiveVersion = 1;
	classes = {
	};
	objectVersion = 56;
	objects = {

/* Begin PBXBuildFile section */
		C310783429FEECAA003B0340 /* AppDelegate.swift in Sources */ = {isa = PBXBuildFile; fileRef = C310783329FEECAA003B0340 /* AppDelegate.swift */; };
		C310783629FEECAA003B0340 /* SceneDelegate.swift in Sources */ = {isa = PBXBuildFile; fileRef = C310783529FEECAA003B0340 /* SceneDelegate.swift */; };
		C310783B29FEECAA003B0340 /* Main.storyboard in Resources */ = {isa = PBXBuildFile; fileRef = C310783929FEECAA003B0340 /* Main.storyboard */; };
		C310783D29FEECAB003B0340 /* Assets.xcassets in Resources */ = {isa = PBXBuildFile; fileRef = C310783C29FEECAB003B0340 /* Assets.xcassets */; };
		C310784029FEECAB003B0340 /* LaunchScreen.storyboard in Resources */ = {isa = PBXBuildFile; fileRef = C310783E29FEECAB003B0340 /* LaunchScreen.storyboard */; };
		C310784929FEECF9003B0340 /* AlbumList.swift in Sources */ = {isa = PBXBuildFile; fileRef = C310784829FEECF9003B0340 /* AlbumList.swift */; };
		C310784B29FEED4F003B0340 /* Song.swift in Sources */ = {isa = PBXBuildFile; fileRef = C310784A29FEED4F003B0340 /* Song.swift */; };
		C310784E29FEED8F003B0340 /* Data.json in Resources */ = {isa = PBXBuildFile; fileRef = C310784D29FEED8F003B0340 /* Data.json */; };
		C310785129FEEDBA003B0340 /* TransitionManager.swift in Sources */ = {isa = PBXBuildFile; fileRef = C310785029FEEDBA003B0340 /* TransitionManager.swift */; };
		C310785529FEF01F003B0340 /* ColorManager.swift in Sources */ = {isa = PBXBuildFile; fileRef = C310785429FEF01F003B0340 /* ColorManager.swift */; };
		C310785729FEF05F003B0340 /* UIColor+Hexadecimal.swift in Sources */ = {isa = PBXBuildFile; fileRef = C310785629FEF05F003B0340 /* UIColor+Hexadecimal.swift */; };
		C310785A29FEF087003B0340 /* CAGradientLayer+Factory.swift in Sources */ = {isa = PBXBuildFile; fileRef = C310785929FEF087003B0340 /* CAGradientLayer+Factory.swift */; };
		C310785C29FEF090003B0340 /* UIButton+Factory.swift in Sources */ = {isa = PBXBuildFile; fileRef = C310785B29FEF090003B0340 /* UIButton+Factory.swift */; };
		C310785E29FEF099003B0340 /* UILabel+Factory.swift in Sources */ = {isa = PBXBuildFile; fileRef = C310785D29FEF099003B0340 /* UILabel+Factory.swift */; };
		C310786629FEF16E003B0340 /* FontManager.swift in Sources */ = {isa = PBXBuildFile; fileRef = C310786529FEF16E003B0340 /* FontManager.swift */; };
		C310786829FEF196003B0340 /* AlbumProvider.swift in Sources */ = {isa = PBXBuildFile; fileRef = C310786729FEF196003B0340 /* AlbumProvider.swift */; };
		C310786A29FEF1BA003B0340 /* ReusableView.swift in Sources */ = {isa = PBXBuildFile; fileRef = C310786929FEF1BA003B0340 /* ReusableView.swift */; };
		C310786E29FEF1F6003B0340 /* AlbumDetailHeaderView.swift in Sources */ = {isa = PBXBuildFile; fileRef = C310786D29FEF1F6003B0340 /* AlbumDetailHeaderView.swift */; };
		C310787129FEF453003B0340 /* AlbumCollectionViewCell.swift in Sources */ = {isa = PBXBuildFile; fileRef = C310787029FEF453003B0340 /* AlbumCollectionViewCell.swift */; };
		C310787329FEF724003B0340 /* AlgumDetailCollectionCell.swift in Sources */ = {isa = PBXBuildFile; fileRef = C310787229FEF724003B0340 /* AlgumDetailCollectionCell.swift */; };
		C310787529FEF860003B0340 /* AlbumsViewController.swift in Sources */ = {isa = PBXBuildFile; fileRef = C310787429FEF860003B0340 /* AlbumsViewController.swift */; };
		C310787729FEF9A5003B0340 /* AlbumDetailViewController.swift in Sources */ = {isa = PBXBuildFile; fileRef = C310787629FEF9A5003B0340 /* AlbumDetailViewController.swift */; };
/* End PBXBuildFile section */

/* Begin PBXFileReference section */
		C310783029FEECAA003B0340 /* Animated_-NavigationView.app */ = {isa = PBXFileReference; explicitFileType = wrapper.application; includeInIndex = 0; path = "Animated_-NavigationView.app"; sourceTree = BUILT_PRODUCTS_DIR; };
		C310783329FEECAA003B0340 /* AppDelegate.swift */ = {isa = PBXFileReference; lastKnownFileType = sourcecode.swift; path = AppDelegate.swift; sourceTree = "<group>"; };
		C310783529FEECAA003B0340 /* SceneDelegate.swift */ = {isa = PBXFileReference; lastKnownFileType = sourcecode.swift; path = SceneDelegate.swift; sourceTree = "<group>"; };
		C310783A29FEECAA003B0340 /* Base */ = {isa = PBXFileReference; lastKnownFileType = file.storyboard; name = Base; path = Base.lproj/Main.storyboard; sourceTree = "<group>"; };
		C310783C29FEECAB003B0340 /* Assets.xcassets */ = {isa = PBXFileReference; lastKnownFileType = folder.assetcatalog; path = Assets.xcassets; sourceTree = "<group>"; };
		C310783F29FEECAB003B0340 /* Base */ = {isa = PBXFileReference; lastKnownFileType = file.storyboard; name = Base; path = Base.lproj/LaunchScreen.storyboard; sourceTree = "<group>"; };
		C310784129FEECAB003B0340 /* Info.plist */ = {isa = PBXFileReference; lastKnownFileType = text.plist.xml; path = Info.plist; sourceTree = "<group>"; };
		C310784829FEECF9003B0340 /* AlbumList.swift */ = {isa = PBXFileReference; lastKnownFileType = sourcecode.swift; path = AlbumList.swift; sourceTree = "<group>"; };
		C310784A29FEED4F003B0340 /* Song.swift */ = {isa = PBXFileReference; lastKnownFileType = sourcecode.swift; path = Song.swift; sourceTree = "<group>"; };
		C310784D29FEED8F003B0340 /* Data.json */ = {isa = PBXFileReference; lastKnownFileType = text.json; path = Data.json; sourceTree = "<group>"; };
		C310785029FEEDBA003B0340 /* TransitionManager.swift */ = {isa = PBXFileReference; lastKnownFileType = sourcecode.swift; path = TransitionManager.swift; sourceTree = "<group>"; };
		C310785429FEF01F003B0340 /* ColorManager.swift */ = {isa = PBXFileReference; lastKnownFileType = sourcecode.swift; path = ColorManager.swift; sourceTree = "<group>"; };
		C310785629FEF05F003B0340 /* UIColor+Hexadecimal.swift */ = {isa = PBXFileReference; lastKnownFileType = sourcecode.swift; path = "UIColor+Hexadecimal.swift"; sourceTree = "<group>"; };
		C310785929FEF087003B0340 /* CAGradientLayer+Factory.swift */ = {isa = PBXFileReference; lastKnownFileType = sourcecode.swift; path = "CAGradientLayer+Factory.swift"; sourceTree = "<group>"; };
		C310785B29FEF090003B0340 /* UIButton+Factory.swift */ = {isa = PBXFileReference; lastKnownFileType = sourcecode.swift; path = "UIButton+Factory.swift"; sourceTree = "<group>"; };
		C310785D29FEF099003B0340 /* UILabel+Factory.swift */ = {isa = PBXFileReference; lastKnownFileType = sourcecode.swift; path = "UILabel+Factory.swift"; sourceTree = "<group>"; };
		C310786129FEF15C003B0340 /* Rubik-Light.ttf */ = {isa = PBXFileReference; lastKnownFileType = file; name = "Rubik-Light.ttf"; path = "../../../../../../../Downloads/Rubik-Light.ttf"; sourceTree = "<group>"; };
		C310786229FEF15C003B0340 /* Rubik-Regular.ttf */ = {isa = PBXFileReference; lastKnownFileType = file; name = "Rubik-Regular.ttf"; path = "../../../../../../../Downloads/Rubik-Regular.ttf"; sourceTree = "<group>"; };
		C310786329FEF15C003B0340 /* Rubik-Bold.ttf */ = {isa = PBXFileReference; lastKnownFileType = file; name = "Rubik-Bold.ttf"; path = "../../../../../../../Downloads/Rubik-Bold.ttf"; sourceTree = "<group>"; };
		C310786429FEF15C003B0340 /* Rubik-Medium.ttf */ = {isa = PBXFileReference; lastKnownFileType = file; name = "Rubik-Medium.ttf"; path = "../../../../../../../Downloads/Rubik-Medium.ttf"; sourceTree = "<group>"; };
		C310786529FEF16E003B0340 /* FontManager.swift */ = {isa = PBXFileReference; lastKnownFileType = sourcecode.swift; path = FontManager.swift; sourceTree = "<group>"; };
		C310786729FEF196003B0340 /* AlbumProvider.swift */ = {isa = PBXFileReference; lastKnownFileType = sourcecode.swift; path = AlbumProvider.swift; sourceTree = "<group>"; };
		C310786929FEF1BA003B0340 /* ReusableView.swift */ = {isa = PBXFileReference; lastKnownFileType = sourcecode.swift; path = ReusableView.swift; sourceTree = "<group>"; };
		C310786D29FEF1F6003B0340 /* AlbumDetailHeaderView.swift */ = {isa = PBXFileReference; lastKnownFileType = sourcecode.swift; path = AlbumDetailHeaderView.swift; sourceTree = "<group>"; };
		C310787029FEF453003B0340 /* AlbumCollectionViewCell.swift */ = {isa = PBXFileReference; lastKnownFileType = sourcecode.swift; path = AlbumCollectionViewCell.swift; sourceTree = "<group>"; };
		C310787229FEF724003B0340 /* AlgumDetailCollectionCell.swift */ = {isa = PBXFileReference; lastKnownFileType = sourcecode.swift; path = AlgumDetailCollectionCell.swift; sourceTree = "<group>"; };
		C310787429FEF860003B0340 /* AlbumsViewController.swift */ = {isa = PBXFileReference; lastKnownFileType = sourcecode.swift; path = AlbumsViewController.swift; sourceTree = "<group>"; };
		C310787629FEF9A5003B0340 /* AlbumDetailViewController.swift */ = {isa = PBXFileReference; lastKnownFileType = sourcecode.swift; path = AlbumDetailViewController.swift; sourceTree = "<group>"; };
/* End PBXFileReference section */

/* Begin PBXFrameworksBuildPhase section */
		C310782D29FEECAA003B0340 /* Frameworks */ = {
			isa = PBXFrameworksBuildPhase;
			buildActionMask = 2147483647;
			files = (
			);
			runOnlyForDeploymentPostprocessing = 0;
		};
/* End PBXFrameworksBuildPhase section */

/* Begin PBXGroup section */
		C310782729FEECAA003B0340 = {
			isa = PBXGroup;
			children = (
				C310783229FEECAA003B0340 /* Animated_-NavigationView */,
				C310783129FEECAA003B0340 /* Products */,
			);
			sourceTree = "<group>";
		};
		C310783129FEECAA003B0340 /* Products */ = {
			isa = PBXGroup;
			children = (
				C310783029FEECAA003B0340 /* Animated_-NavigationView.app */,
			);
			name = Products;
			sourceTree = "<group>";
		};
		C310783229FEECAA003B0340 /* Animated_-NavigationView */ = {
			isa = PBXGroup;
			children = (
				C310786C29FEF1D7003B0340 /* Views */,
				C310786B29FEF1D1003B0340 /* ViewControllers */,
				C310785229FEF00B003B0340 /* Utility */,
				C310784F29FEEDAF003B0340 /* Transitions */,
				C310784C29FEED7F003B0340 /* Resources */,
				C310784729FEECEF003B0340 /* Model */,
				C310783329FEECAA003B0340 /* AppDelegate.swift */,
				C310783529FEECAA003B0340 /* SceneDelegate.swift */,
				C310783929FEECAA003B0340 /* Main.storyboard */,
				C310783C29FEECAB003B0340 /* Assets.xcassets */,
				C310783E29FEECAB003B0340 /* LaunchScreen.storyboard */,
				C310784129FEECAB003B0340 /* Info.plist */,
			);
			path = "Animated_-NavigationView";
			sourceTree = "<group>";
		};
		C310784729FEECEF003B0340 /* Model */ = {
			isa = PBXGroup;
			children = (
				C310784829FEECF9003B0340 /* AlbumList.swift */,
				C310784A29FEED4F003B0340 /* Song.swift */,
			);
			path = Model;
			sourceTree = "<group>";
		};
		C310784C29FEED7F003B0340 /* Resources */ = {
			isa = PBXGroup;
			children = (
				C310784D29FEED8F003B0340 /* Data.json */,
			);
			path = Resources;
			sourceTree = "<group>";
		};
		C310784F29FEEDAF003B0340 /* Transitions */ = {
			isa = PBXGroup;
			children = (
				C310785029FEEDBA003B0340 /* TransitionManager.swift */,
			);
			path = Transitions;
			sourceTree = "<group>";
		};
		C310785229FEF00B003B0340 /* Utility */ = {
			isa = PBXGroup;
			children = (
				C310785F29FEF0FA003B0340 /* Fonts */,
				C310785829FEF079003B0340 /* Factory */,
				C310785329FEF013003B0340 /* Colors */,
				C310786729FEF196003B0340 /* AlbumProvider.swift */,
				C310786929FEF1BA003B0340 /* ReusableView.swift */,
			);
			path = Utility;
			sourceTree = "<group>";
		};
		C310785329FEF013003B0340 /* Colors */ = {
			isa = PBXGroup;
			children = (
				C310785429FEF01F003B0340 /* ColorManager.swift */,
				C310785629FEF05F003B0340 /* UIColor+Hexadecimal.swift */,
			);
			path = Colors;
			sourceTree = "<group>";
		};
		C310785829FEF079003B0340 /* Factory */ = {
			isa = PBXGroup;
			children = (
				C310785929FEF087003B0340 /* CAGradientLayer+Factory.swift */,
				C310785B29FEF090003B0340 /* UIButton+Factory.swift */,
				C310785D29FEF099003B0340 /* UILabel+Factory.swift */,
			);
			path = Factory;
			sourceTree = "<group>";
		};
		C310785F29FEF0FA003B0340 /* Fonts */ = {
			isa = PBXGroup;
			children = (
				C310786029FEF12B003B0340 /* Rubik */,
				C310786529FEF16E003B0340 /* FontManager.swift */,
			);
			path = Fonts;
			sourceTree = "<group>";
		};
		C310786029FEF12B003B0340 /* Rubik */ = {
			isa = PBXGroup;
			children = (
				C310786329FEF15C003B0340 /* Rubik-Bold.ttf */,
				C310786129FEF15C003B0340 /* Rubik-Light.ttf */,
				C310786429FEF15C003B0340 /* Rubik-Medium.ttf */,
				C310786229FEF15C003B0340 /* Rubik-Regular.ttf */,
			);
			path = Rubik;
			sourceTree = "<group>";
		};
		C310786B29FEF1D1003B0340 /* ViewControllers */ = {
			isa = PBXGroup;
			children = (
				C310787429FEF860003B0340 /* AlbumsViewController.swift */,
				C310787629FEF9A5003B0340 /* AlbumDetailViewController.swift */,
			);
			path = ViewControllers;
			sourceTree = "<group>";
		};
		C310786C29FEF1D7003B0340 /* Views */ = {
			isa = PBXGroup;
			children = (
				C310786F29FEF447003B0340 /* Cells */,
				C310786D29FEF1F6003B0340 /* AlbumDetailHeaderView.swift */,
			);
			path = Views;
			sourceTree = "<group>";
		};
		C310786F29FEF447003B0340 /* Cells */ = {
			isa = PBXGroup;
			children = (
				C310787029FEF453003B0340 /* AlbumCollectionViewCell.swift */,
				C310787229FEF724003B0340 /* AlgumDetailCollectionCell.swift */,
			);
			path = Cells;
			sourceTree = "<group>";
		};
/* End PBXGroup section */

/* Begin PBXNativeTarget section */
		C310782F29FEECAA003B0340 /* Animated_-NavigationView */ = {
			isa = PBXNativeTarget;
			buildConfigurationList = C310784429FEECAB003B0340 /* Build configuration list for PBXNativeTarget "Animated_-NavigationView" */;
			buildPhases = (
				C310782C29FEECAA003B0340 /* Sources */,
				C310782D29FEECAA003B0340 /* Frameworks */,
				C310782E29FEECAA003B0340 /* Resources */,
			);
			buildRules = (
			);
			dependencies = (
			);
			name = "Animated_-NavigationView";
			productName = "Animated_-NavigationView";
			productReference = C310783029FEECAA003B0340 /* Animated_-NavigationView.app */;
			productType = "com.apple.product-type.application";
		};
/* End PBXNativeTarget section */

/* Begin PBXProject section */
		C310782829FEECAA003B0340 /* Project object */ = {
			isa = PBXProject;
			attributes = {
				BuildIndependentTargetsInParallel = 1;
				LastSwiftUpdateCheck = 1420;
				LastUpgradeCheck = 1420;
				TargetAttributes = {
					C310782F29FEECAA003B0340 = {
						CreatedOnToolsVersion = 14.2;
					};
				};
			};
			buildConfigurationList = C310782B29FEECAA003B0340 /* Build configuration list for PBXProject "Animated_-NavigationView" */;
			compatibilityVersion = "Xcode 14.0";
			developmentRegion = en;
			hasScannedForEncodings = 0;
			knownRegions = (
				en,
				Base,
			);
			mainGroup = C310782729FEECAA003B0340;
			productRefGroup = C310783129FEECAA003B0340 /* Products */;
			projectDirPath = "";
			projectRoot = "";
			targets = (
				C310782F29FEECAA003B0340 /* Animated_-NavigationView */,
			);
		};
/* End PBXProject section */

/* Begin PBXResourcesBuildPhase section */
		C310782E29FEECAA003B0340 /* Resources */ = {
			isa = PBXResourcesBuildPhase;
			buildActionMask = 2147483647;
			files = (
				C310784029FEECAB003B0340 /* LaunchScreen.storyboard in Resources */,
				C310783D29FEECAB003B0340 /* Assets.xcassets in Resources */,
				C310783B29FEECAA003B0340 /* Main.storyboard in Resources */,
				C310784E29FEED8F003B0340 /* Data.json in Resources */,
			);
			runOnlyForDeploymentPostprocessing = 0;
		};
/* End PBXResourcesBuildPhase section */

/* Begin PBXSourcesBuildPhase section */
		C310782C29FEECAA003B0340 /* Sources */ = {
			isa = PBXSourcesBuildPhase;
			buildActionMask = 2147483647;
			files = (
				C310787129FEF453003B0340 /* AlbumCollectionViewCell.swift in Sources */,
				C310786829FEF196003B0340 /* AlbumProvider.swift in Sources */,
				C310787529FEF860003B0340 /* AlbumsViewController.swift in Sources */,
				C310785A29FEF087003B0340 /* CAGradientLayer+Factory.swift in Sources */,
				C310785529FEF01F003B0340 /* ColorManager.swift in Sources */,
				C310785729FEF05F003B0340 /* UIColor+Hexadecimal.swift in Sources */,
				C310785129FEEDBA003B0340 /* TransitionManager.swift in Sources */,
				C310786A29FEF1BA003B0340 /* ReusableView.swift in Sources */,
				C310783429FEECAA003B0340 /* AppDelegate.swift in Sources */,
				C310783629FEECAA003B0340 /* SceneDelegate.swift in Sources */,
				C310787329FEF724003B0340 /* AlgumDetailCollectionCell.swift in Sources */,
				C310787729FEF9A5003B0340 /* AlbumDetailViewController.swift in Sources */,
				C310784929FEECF9003B0340 /* AlbumList.swift in Sources */,
				C310786E29FEF1F6003B0340 /* AlbumDetailHeaderView.swift in Sources */,
				C310785C29FEF090003B0340 /* UIButton+Factory.swift in Sources */,
				C310785E29FEF099003B0340 /* UILabel+Factory.swift in Sources */,
				C310786629FEF16E003B0340 /* FontManager.swift in Sources */,
				C310784B29FEED4F003B0340 /* Song.swift in Sources */,
			);
			runOnlyForDeploymentPostprocessing = 0;
		};
/* End PBXSourcesBuildPhase section */

/* Begin PBXVariantGroup section */
		C310783929FEECAA003B0340 /* Main.storyboard */ = {
			isa = PBXVariantGroup;
			children = (
				C310783A29FEECAA003B0340 /* Base */,
			);
			name = Main.storyboard;
			sourceTree = "<group>";
		};
		C310783E29FEECAB003B0340 /* LaunchScreen.storyboard */ = {
			isa = PBXVariantGroup;
			children = (
				C310783F29FEECAB003B0340 /* Base */,
			);
			name = LaunchScreen.storyboard;
			sourceTree = "<group>";
		};
/* End PBXVariantGroup section */

/* Begin XCBuildConfiguration section */
		C310784229FEECAB003B0340 /* Debug */ = {
			isa = XCBuildConfiguration;
			buildSettings = {
				ALWAYS_SEARCH_USER_PATHS = NO;
				CLANG_ANALYZER_NONNULL = YES;
				CLANG_ANALYZER_NUMBER_OBJECT_CONVERSION = YES_AGGRESSIVE;
				CLANG_CXX_LANGUAGE_STANDARD = "gnu++20";
				CLANG_ENABLE_MODULES = YES;
				CLANG_ENABLE_OBJC_ARC = YES;
				CLANG_ENABLE_OBJC_WEAK = YES;
				CLANG_WARN_BLOCK_CAPTURE_AUTORELEASING = YES;
				CLANG_WARN_BOOL_CONVERSION = YES;
				CLANG_WARN_COMMA = YES;
				CLANG_WARN_CONSTANT_CONVERSION = YES;
				CLANG_WARN_DEPRECATED_OBJC_IMPLEMENTATIONS = YES;
				CLANG_WARN_DIRECT_OBJC_ISA_USAGE = YES_ERROR;
				CLANG_WARN_DOCUMENTATION_COMMENTS = YES;
				CLANG_WARN_EMPTY_BODY = YES;
				CLANG_WARN_ENUM_CONVERSION = YES;
				CLANG_WARN_INFINITE_RECURSION = YES;
				CLANG_WARN_INT_CONVERSION = YES;
				CLANG_WARN_NON_LITERAL_NULL_CONVERSION = YES;
				CLANG_WARN_OBJC_IMPLICIT_RETAIN_SELF = YES;
				CLANG_WARN_OBJC_LITERAL_CONVERSION = YES;
				CLANG_WARN_OBJC_ROOT_CLASS = YES_ERROR;
				CLANG_WARN_QUOTED_INCLUDE_IN_FRAMEWORK_HEADER = YES;
				CLANG_WARN_RANGE_LOOP_ANALYSIS = YES;
				CLANG_WARN_STRICT_PROTOTYPES = YES;
				CLANG_WARN_SUSPICIOUS_MOVE = YES;
				CLANG_WARN_UNGUARDED_AVAILABILITY = YES_AGGRESSIVE;
				CLANG_WARN_UNREACHABLE_CODE = YES;
				CLANG_WARN__DUPLICATE_METHOD_MATCH = YES;
				COPY_PHASE_STRIP = NO;
				DEBUG_INFORMATION_FORMAT = dwarf;
				ENABLE_STRICT_OBJC_MSGSEND = YES;
				ENABLE_TESTABILITY = YES;
				GCC_C_LANGUAGE_STANDARD = gnu11;
				GCC_DYNAMIC_NO_PIC = NO;
				GCC_NO_COMMON_BLOCKS = YES;
				GCC_OPTIMIZATION_LEVEL = 0;
				GCC_PREPROCESSOR_DEFINITIONS = (
					"DEBUG=1",
					"$(inherited)",
				);
				GCC_WARN_64_TO_32_BIT_CONVERSION = YES;
				GCC_WARN_ABOUT_RETURN_TYPE = YES_ERROR;
				GCC_WARN_UNDECLARED_SELECTOR = YES;
				GCC_WARN_UNINITIALIZED_AUTOS = YES_AGGRESSIVE;
				GCC_WARN_UNUSED_FUNCTION = YES;
				GCC_WARN_UNUSED_VARIABLE = YES;
				IPHONEOS_DEPLOYMENT_TARGET = 16.2;
				MTL_ENABLE_DEBUG_INFO = INCLUDE_SOURCE;
				MTL_FAST_MATH = YES;
				ONLY_ACTIVE_ARCH = YES;
				SDKROOT = iphoneos;
				SWIFT_ACTIVE_COMPILATION_CONDITIONS = DEBUG;
				SWIFT_OPTIMIZATION_LEVEL = "-Onone";
			};
			name = Debug;
		};
		C310784329FEECAB003B0340 /* Release */ = {
			isa = XCBuildConfiguration;
			buildSettings = {
				ALWAYS_SEARCH_USER_PATHS = NO;
				CLANG_ANALYZER_NONNULL = YES;
				CLANG_ANALYZER_NUMBER_OBJECT_CONVERSION = YES_AGGRESSIVE;
				CLANG_CXX_LANGUAGE_STANDARD = "gnu++20";
				CLANG_ENABLE_MODULES = YES;
				CLANG_ENABLE_OBJC_ARC = YES;
				CLANG_ENABLE_OBJC_WEAK = YES;
				CLANG_WARN_BLOCK_CAPTURE_AUTORELEASING = YES;
				CLANG_WARN_BOOL_CONVERSION = YES;
				CLANG_WARN_COMMA = YES;
				CLANG_WARN_CONSTANT_CONVERSION = YES;
				CLANG_WARN_DEPRECATED_OBJC_IMPLEMENTATIONS = YES;
				CLANG_WARN_DIRECT_OBJC_ISA_USAGE = YES_ERROR;
				CLANG_WARN_DOCUMENTATION_COMMENTS = YES;
				CLANG_WARN_EMPTY_BODY = YES;
				CLANG_WARN_ENUM_CONVERSION = YES;
				CLANG_WARN_INFINITE_RECURSION = YES;
				CLANG_WARN_INT_CONVERSION = YES;
				CLANG_WARN_NON_LITERAL_NULL_CONVERSION = YES;
				CLANG_WARN_OBJC_IMPLICIT_RETAIN_SELF = YES;
				CLANG_WARN_OBJC_LITERAL_CONVERSION = YES;
				CLANG_WARN_OBJC_ROOT_CLASS = YES_ERROR;
				CLANG_WARN_QUOTED_INCLUDE_IN_FRAMEWORK_HEADER = YES;
				CLANG_WARN_RANGE_LOOP_ANALYSIS = YES;
				CLANG_WARN_STRICT_PROTOTYPES = YES;
				CLANG_WARN_SUSPICIOUS_MOVE = YES;
				CLANG_WARN_UNGUARDED_AVAILABILITY = YES_AGGRESSIVE;
				CLANG_WARN_UNREACHABLE_CODE = YES;
				CLANG_WARN__DUPLICATE_METHOD_MATCH = YES;
				COPY_PHASE_STRIP = NO;
				DEBUG_INFORMATION_FORMAT = "dwarf-with-dsym";
				ENABLE_NS_ASSERTIONS = NO;
				ENABLE_STRICT_OBJC_MSGSEND = YES;
				GCC_C_LANGUAGE_STANDARD = gnu11;
				GCC_NO_COMMON_BLOCKS = YES;
				GCC_WARN_64_TO_32_BIT_CONVERSION = YES;
				GCC_WARN_ABOUT_RETURN_TYPE = YES_ERROR;
				GCC_WARN_UNDECLARED_SELECTOR = YES;
				GCC_WARN_UNINITIALIZED_AUTOS = YES_AGGRESSIVE;
				GCC_WARN_UNUSED_FUNCTION = YES;
				GCC_WARN_UNUSED_VARIABLE = YES;
				IPHONEOS_DEPLOYMENT_TARGET = 16.2;
				MTL_ENABLE_DEBUG_INFO = NO;
				MTL_FAST_MATH = YES;
				SDKROOT = iphoneos;
				SWIFT_COMPILATION_MODE = wholemodule;
				SWIFT_OPTIMIZATION_LEVEL = "-O";
				VALIDATE_PRODUCT = YES;
			};
			name = Release;
		};
		C310784529FEECAB003B0340 /* Debug */ = {
			isa = XCBuildConfiguration;
			buildSettings = {
				ASSETCATALOG_COMPILER_APPICON_NAME = AppIcon;
				ASSETCATALOG_COMPILER_GLOBAL_ACCENT_COLOR_NAME = AccentColor;
				CODE_SIGN_STYLE = Automatic;
				CURRENT_PROJECT_VERSION = 1;
				DEVELOPMENT_TEAM = 9P74L4GXWB;
				GENERATE_INFOPLIST_FILE = YES;
				INFOPLIST_FILE = "Animated_-NavigationView/Info.plist";
				INFOPLIST_KEY_UIApplicationSupportsIndirectInputEvents = YES;
				INFOPLIST_KEY_UILaunchStoryboardName = LaunchScreen;
				INFOPLIST_KEY_UIMainStoryboardFile = Main;
				INFOPLIST_KEY_UISupportedInterfaceOrientations_iPad = "UIInterfaceOrientationPortrait UIInterfaceOrientationPortraitUpsideDown UIInterfaceOrientationLandscapeLeft UIInterfaceOrientationLandscapeRight";
				INFOPLIST_KEY_UISupportedInterfaceOrientations_iPhone = "UIInterfaceOrientationPortrait UIInterfaceOrientationLandscapeLeft UIInterfaceOrientationLandscapeRight";
				LD_RUNPATH_SEARCH_PATHS = (
					"$(inherited)",
					"@executable_path/Frameworks",
				);
				MARKETING_VERSION = 1.0;
				PRODUCT_BUNDLE_IDENTIFIER = "com.dukena.Animated--NavigationView";
				PRODUCT_NAME = "$(TARGET_NAME)";
				SWIFT_EMIT_LOC_STRINGS = YES;
				SWIFT_VERSION = 5.0;
				TARGETED_DEVICE_FAMILY = "1,2";
			};
			name = Debug;
		};
		C310784629FEECAB003B0340 /* Release */ = {
			isa = XCBuildConfiguration;
			buildSettings = {
				ASSETCATALOG_COMPILER_APPICON_NAME = AppIcon;
				ASSETCATALOG_COMPILER_GLOBAL_ACCENT_COLOR_NAME = AccentColor;
				CODE_SIGN_STYLE = Automatic;
				CURRENT_PROJECT_VERSION = 1;
				DEVELOPMENT_TEAM = 9P74L4GXWB;
				GENERATE_INFOPLIST_FILE = YES;
				INFOPLIST_FILE = "Animated_-NavigationView/Info.plist";
				INFOPLIST_KEY_UIApplicationSupportsIndirectInputEvents = YES;
				INFOPLIST_KEY_UILaunchStoryboardName = LaunchScreen;
				INFOPLIST_KEY_UIMainStoryboardFile = Main;
				INFOPLIST_KEY_UISupportedInterfaceOrientations_iPad = "UIInterfaceOrientationPortrait UIInterfaceOrientationPortraitUpsideDown UIInterfaceOrientationLandscapeLeft UIInterfaceOrientationLandscapeRight";
				INFOPLIST_KEY_UISupportedInterfaceOrientations_iPhone = "UIInterfaceOrientationPortrait UIInterfaceOrientationLandscapeLeft UIInterfaceOrientationLandscapeRight";
				LD_RUNPATH_SEARCH_PATHS = (
					"$(inherited)",
					"@executable_path/Frameworks",
				);
				MARKETING_VERSION = 1.0;
				PRODUCT_BUNDLE_IDENTIFIER = "com.dukena.Animated--NavigationView";
				PRODUCT_NAME = "$(TARGET_NAME)";
				SWIFT_EMIT_LOC_STRINGS = YES;
				SWIFT_VERSION = 5.0;
				TARGETED_DEVICE_FAMILY = "1,2";
			};
			name = Release;
		};
/* End XCBuildConfiguration section */

/* Begin XCConfigurationList section */
		C310782B29FEECAA003B0340 /* Build configuration list for PBXProject "Animated_-NavigationView" */ = {
			isa = XCConfigurationList;
			buildConfigurations = (
				C310784229FEECAB003B0340 /* Debug */,
				C310784329FEECAB003B0340 /* Release */,
			);
			defaultConfigurationIsVisible = 0;
			defaultConfigurationName = Release;
		};
		C310784429FEECAB003B0340 /* Build configuration list for PBXNativeTarget "Animated_-NavigationView" */ = {
			isa = XCConfigurationList;
			buildConfigurations = (
				C310784529FEECAB003B0340 /* Debug */,
				C310784629FEECAB003B0340 /* Release */,
			);
			defaultConfigurationIsVisible = 0;
			defaultConfigurationName = Release;
		};
/* End XCConfigurationList section */
	};
	rootObject = C310782829FEECAA003B0340 /* Project object */;
}
